
Microsoft Visual Studio Solution File, Format Version 12.00
# Visual Studio Version 16
VisualStudioVersion = 16.0.30330.147
MinimumVisualStudioVersion = 10.0.40219.1
Project("{FAE04EC0-301F-11D3-BF4B-00C04F79EFBC}") = "Prima", "Prima\Prima.csproj", "{0EB91B87-9751-44A1-B3C8-52CE56871F59}"
EndProject
Global
	GlobalSection(SolutionConfigurationPlatforms) = preSolution
		Debug|Any CPU = Debug|Any CPU
		Release|Any CPU = Release|Any CPU
	EndGlobalSection
	GlobalSection(ProjectConfigurationPlatforms) = postSolution
		{0EB91B87-9751-44A1-B3C8-52CE56871F59}.Debug|Any CPU.ActiveCfg = Debug|Any CPU
		{0EB91B87-9751-44A1-B3C8-52CE56871F59}.Debug|Any CPU.Build.0 = Debug|Any CPU
		{0EB91B87-9751-44A1-B3C8-52CE56871F59}.Release|Any CPU.ActiveCfg = Release|Any CPU
		{0EB91B87-9751-44A1-B3C8-52CE56871F59}.Release|Any CPU.Build.0 = Release|Any CPU
	EndGlobalSection
	GlobalSection(SolutionProperties) = preSolution
		HideSolutionNode = FALSE
	EndGlobalSection
	GlobalSection(ExtensibilityGlobals) = postSolution
		SolutionGuid = {FC5271EF-F39B-461A-8E82-2780DD1C518F}
	EndGlobalSection
EndGlobal
